
Microsoft Visual Studio Solution File, Format Version 12.00
# Visual Studio 15
VisualStudioVersion = 15.0.26730.3
MinimumVisualStudioVersion = 10.0.40219.1
Project("{FAE04EC0-301F-11D3-BF4B-00C04F79EFBC}") = "BeautifulColors", "BeautifulColors\BeautifulColors.csproj", "{067599BE-FC81-4122-A4E2-CA3BFF1A72E2}"
EndProject
Project("{FAE04EC0-301F-11D3-BF4B-00C04F79EFBC}") = "BeautifulColors.Tests", "BeautifulColors.Tests\BeautifulColors.Tests.csproj", "{428B1555-604F-416C-931E-C6B6D79EF85F}"
EndProject
Global
	GlobalSection(SolutionConfigurationPlatforms) = preSolution
		Debug|Any CPU = Debug|Any CPU
		Release|Any CPU = Release|Any CPU
	EndGlobalSection
	GlobalSection(ProjectConfigurationPlatforms) = postSolution
		{067599BE-FC81-4122-A4E2-CA3BFF1A72E2}.Debug|Any CPU.ActiveCfg = Debug|Any CPU
		{067599BE-FC81-4122-A4E2-CA3BFF1A72E2}.Debug|Any CPU.Build.0 = Debug|Any CPU
		{067599BE-FC81-4122-A4E2-CA3BFF1A72E2}.Release|Any CPU.ActiveCfg = Release|Any CPU
		{067599BE-FC81-4122-A4E2-CA3BFF1A72E2}.Release|Any CPU.Build.0 = Release|Any CPU
		{428B1555-604F-416C-931E-C6B6D79EF85F}.Debug|Any CPU.ActiveCfg = Debug|Any CPU
		{428B1555-604F-416C-931E-C6B6D79EF85F}.Debug|Any CPU.Build.0 = Debug|Any CPU
		{428B1555-604F-416C-931E-C6B6D79EF85F}.Release|Any CPU.ActiveCfg = Release|Any CPU
		{428B1555-604F-416C-931E-C6B6D79EF85F}.Release|Any CPU.Build.0 = Release|Any CPU
	EndGlobalSection
	GlobalSection(SolutionProperties) = preSolution
		HideSolutionNode = FALSE
	EndGlobalSection
	GlobalSection(ExtensibilityGlobals) = postSolution
		SolutionGuid = {9B318F0D-8FDA-45F5-AD2C-FF0A7C1F5712}
	EndGlobalSection
EndGlobal
